
Microsoft Visual Studio Solution File, Format Version 12.00
# Visual Studio Version 17
VisualStudioVersion = 17.0.31903.59
MinimumVisualStudioVersion = 10.0.40219.1
Project("{2150E333-8FDC-42A3-9474-1A3956D46DE8}") = "src", "src", "{827E0CD3-B72D-47B6-A68D-7590B98EB39B}"
EndProject
Project("{FAE04EC0-301F-11D3-BF4B-00C04F79EFBC}") = "Gones.Domain", "src\Gones.Domain\Gones.Domain.csproj", "{09EAADD6-4012-43F6-9691-6D9E3E935803}"
EndProject
Project("{FAE04EC0-301F-11D3-BF4B-00C04F79EFBC}") = "Gones.Application", "src\Gones.Application\Gones.Application.csproj", "{BDBCFCDC-C9E1-4043-8D85-BE81DC02C6D1}"
EndProject
Project("{FAE04EC0-301F-11D3-BF4B-00C04F79EFBC}") = "Gones.Infrastructure", "src\Gones.Infrastructure\Gones.Infrastructure.csproj", "{2BF08694-8604-45FA-AAA7-E7334CEC6F6D}"
EndProject
Project("{FAE04EC0-301F-11D3-BF4B-00C04F79EFBC}") = "Gones.Api", "src\Gones.Api\Gones.Api.csproj", "{59C76B0E-6AD0-4297-807A-4030CCA0C0C9}"
EndProject
Project("{FAE04EC0-301F-11D3-BF4B-00C04F79EFBC}") = "Gones.Worker", "src\Gones.Worker\Gones.Worker.csproj", "{0AA5214F-0DB4-460E-B8AA-B34968235798}"
EndProject
Project("{FAE04EC0-301F-11D3-BF4B-00C04F79EFBC}") = "Gones.Migrator", "src\Gones.Migrator\Gones.Migrator.csproj", "{B71E08F9-DB07-41E0-84DC-AFAA24AF0963}"
EndProject
Project("{2150E333-8FDC-42A3-9474-1A3956D46DE8}") = "tests", "tests", "{0AB3BF05-4346-4AA6-1389-037BE0695223}"
EndProject
Project("{FAE04EC0-301F-11D3-BF4B-00C04F79EFBC}") = "Gones.UnitTests", "tests\Gones.UnitTests\Gones.UnitTests.csproj", "{A300C63B-FFA1-4DE1-9691-FE973C98F928}"
EndProject
Project("{FAE04EC0-301F-11D3-BF4B-00C04F79EFBC}") = "Gones.IntegrationTests", "tests\Gones.IntegrationTests\Gones.IntegrationTests.csproj", "{E406FB96-D033-404A-8CD6-6708D7FDF401}"
EndProject
Project("{FAE04EC0-301F-11D3-BF4B-00C04F79EFBC}") = "Gones.ArchitectureTests", "tests\Gones.ArchitectureTests\Gones.ArchitectureTests.csproj", "{8E203A6B-519C-4B66-ABF2-19A85E182E6E}"
EndProject
Global
	GlobalSection(SolutionConfigurationPlatforms) = preSolution
		Debug|Any CPU = Debug|Any CPU
		Debug|x64 = Debug|x64
		Debug|x86 = Debug|x86
		Release|Any CPU = Release|Any CPU
		Release|x64 = Release|x64
		Release|x86 = Release|x86
	EndGlobalSection
	GlobalSection(ProjectConfigurationPlatforms) = postSolution
		{09EAADD6-4012-43F6-9691-6D9E3E935803}.Debug|Any CPU.ActiveCfg = Debug|Any CPU
		{09EAADD6-4012-43F6-9691-6D9E3E935803}.Debug|Any CPU.Build.0 = Debug|Any CPU
		{09EAADD6-4012-43F6-9691-6D9E3E935803}.Debug|x64.ActiveCfg = Debug|Any CPU
		{09EAADD6-4012-43F6-9691-6D9E3E935803}.Debug|x64.Build.0 = Debug|Any CPU
		{09EAADD6-4012-43F6-9691-6D9E3E935803}.Debug|x86.ActiveCfg = Debug|Any CPU
		{09EAADD6-4012-43F6-9691-6D9E3E935803}.Debug|x86.Build.0 = Debug|Any CPU
		{09EAADD6-4012-43F6-9691-6D9E3E935803}.Release|Any CPU.ActiveCfg = Release|Any CPU
		{09EAADD6-4012-43F6-9691-6D9E3E935803}.Release|Any CPU.Build.0 = Release|Any CPU
		{09EAADD6-4012-43F6-9691-6D9E3E935803}.Release|x64.ActiveCfg = Release|Any CPU
		{09EAADD6-4012-43F6-9691-6D9E3E935803}.Release|x64.Build.0 = Release|Any CPU
		{09EAADD6-4012-43F6-9691-6D9E3E935803}.Release|x86.ActiveCfg = Release|Any CPU
		{09EAADD6-4012-43F6-9691-6D9E3E935803}.Release|x86.Build.0 = Release|Any CPU
		{BDBCFCDC-C9E1-4043-8D85-BE81DC02C6D1}.Debug|Any CPU.ActiveCfg = Debug|Any CPU
		{BDBCFCDC-C9E1-4043-8D85-BE81DC02C6D1}.Debug|Any CPU.Build.0 = Debug|Any CPU
		{BDBCFCDC-C9E1-4043-8D85-BE81DC02C6D1}.Debug|x64.ActiveCfg = Debug|Any CPU
		{BDBCFCDC-C9E1-4043-8D85-BE81DC02C6D1}.Debug|x64.Build.0 = Debug|Any CPU
		{BDBCFCDC-C9E1-4043-8D85-BE81DC02C6D1}.Debug|x86.ActiveCfg = Debug|Any CPU
		{BDBCFCDC-C9E1-4043-8D85-BE81DC02C6D1}.Debug|x86.Build.0 = Debug|Any CPU
		{BDBCFCDC-C9E1-4043-8D85-BE81DC02C6D1}.Release|Any CPU.ActiveCfg = Release|Any CPU
		{BDBCFCDC-C9E1-4043-8D85-BE81DC02C6D1}.Release|Any CPU.Build.0 = Release|Any CPU
		{BDBCFCDC-C9E1-4043-8D85-BE81DC02C6D1}.Release|x64.ActiveCfg = Release|Any CPU
		{BDBCFCDC-C9E1-4043-8D85-BE81DC02C6D1}.Release|x64.Build.0 = Release|Any CPU
		{BDBCFCDC-C9E1-4043-8D85-BE81DC02C6D1}.Release|x86.ActiveCfg = Release|Any CPU
		{BDBCFCDC-C9E1-4043-8D85-BE81DC02C6D1}.Release|x86.Build.0 = Release|Any CPU
		{2BF08694-8604-45FA-AAA7-E7334CEC6F6D}.Debug|Any CPU.ActiveCfg = Debug|Any CPU
		{2BF08694-8604-45FA-AAA7-E7334CEC6F6D}.Debug|Any CPU.Build.0 = Debug|Any CPU
		{2BF08694-8604-45FA-AAA7-E7334CEC6F6D}.Debug|x64.ActiveCfg = Debug|Any CPU
		{2BF08694-8604-45FA-AAA7-E7334CEC6F6D}.Debug|x64.Build.0 = Debug|Any CPU
		{2BF08694-8604-45FA-AAA7-E7334CEC6F6D}.Debug|x86.ActiveCfg = Debug|Any CPU
		{2BF08694-8604-45FA-AAA7-E7334CEC6F6D}.Debug|x86.Build.0 = Debug|Any CPU
		{2BF08694-8604-45FA-AAA7-E7334CEC6F6D}.Release|Any CPU.ActiveCfg = Release|Any CPU
		{2BF08694-8604-45FA-AAA7-E7334CEC6F6D}.Release|Any CPU.Build.0 = Release|Any CPU
		{2BF08694-8604-45FA-AAA7-E7334CEC6F6D}.Release|x64.ActiveCfg = Release|Any CPU
		{2BF08694-8604-45FA-AAA7-E7334CEC6F6D}.Release|x64.Build.0 = Release|Any CPU
		{2BF08694-8604-45FA-AAA7-E7334CEC6F6D}.Release|x86.ActiveCfg = Release|Any CPU
		{2BF08694-8604-45FA-AAA7-E7334CEC6F6D}.Release|x86.Build.0 = Release|Any CPU
		{59C76B0E-6AD0-4297-807A-4030CCA0C0C9}.Debug|Any CPU.ActiveCfg = Debug|Any CPU
		{59C76B0E-6AD0-4297-807A-4030CCA0C0C9}.Debug|Any CPU.Build.0 = Debug|Any CPU
		{59C76B0E-6AD0-4297-807A-4030CCA0C0C9}.Debug|x64.ActiveCfg = Debug|Any CPU
		{59C76B0E-6AD0-4297-807A-4030CCA0C0C9}.Debug|x64.Build.0 = Debug|Any CPU
		{59C76B0E-6AD0-4297-807A-4030CCA0C0C9}.Debug|x86.ActiveCfg = Debug|Any CPU
		{59C76B0E-6AD0-4297-807A-4030CCA0C0C9}.Debug|x86.Build.0 = Debug|Any CPU
		{59C76B0E-6AD0-4297-807A-4030CCA0C0C9}.Release|Any CPU.ActiveCfg = Release|Any CPU
		{59C76B0E-6AD0-4297-807A-4030CCA0C0C9}.Release|Any CPU.Build.0 = Release|Any CPU
		{59C76B0E-6AD0-4297-807A-4030CCA0C0C9}.Release|x64.ActiveCfg = Release|Any CPU
		{59C76B0E-6AD0-4297-807A-4030CCA0C0C9}.Release|x64.Build.0 = Release|Any CPU
		{59C76B0E-6AD0-4297-807A-4030CCA0C0C9}.Release|x86.ActiveCfg = Release|Any CPU
		{59C76B0E-6AD0-4297-807A-4030CCA0C0C9}.Release|x86.Build.0 = Release|Any CPU
		{0AA5214F-0DB4-460E-B8AA-B34968235798}.Debug|Any CPU.ActiveCfg = Debug|Any CPU
		{0AA5214F-0DB4-460E-B8AA-B34968235798}.Debug|Any CPU.Build.0 = Debug|Any CPU
		{0AA5214F-0DB4-460E-B8AA-B34968235798}.Debug|x64.ActiveCfg = Debug|Any CPU
		{0AA5214F-0DB4-460E-B8AA-B34968235798}.Debug|x64.Build.0 = Debug|Any CPU
		{0AA5214F-0DB4-460E-B8AA-B34968235798}.Debug|x86.ActiveCfg = Debug|Any CPU
		{0AA5214F-0DB4-460E-B8AA-B34968235798}.Debug|x86.Build.0 = Debug|Any CPU
		{0AA5214F-0DB4-460E-B8AA-B34968235798}.Release|Any CPU.ActiveCfg = Release|Any CPU
		{0AA5214F-0DB4-460E-B8AA-B34968235798}.Release|Any CPU.Build.0 = Release|Any CPU
		{0AA5214F-0DB4-460E-B8AA-B34968235798}.Release|x64.ActiveCfg = Release|Any CPU
		{0AA5214F-0DB4-460E-B8AA-B34968235798}.Release|x64.Build.0 = Release|Any CPU
		{0AA5214F-0DB4-460E-B8AA-B34968235798}.Release|x86.ActiveCfg = Release|Any CPU
		{0AA5214F-0DB4-460E-B8AA-B34968235798}.Release|x86.Build.0 = Release|Any CPU
		{B71E08F9-DB07-41E0-84DC-AFAA24AF0963}.Debug|Any CPU.ActiveCfg = Debug|Any CPU
		{B71E08F9-DB07-41E0-84DC-AFAA24AF0963}.Debug|Any CPU.Build.0 = Debug|Any CPU
		{B71E08F9-DB07-41E0-84DC-AFAA24AF0963}.Debug|x64.ActiveCfg = Debug|Any CPU
		{B71E08F9-DB07-41E0-84DC-AFAA24AF0963}.Debug|x64.Build.0 = Debug|Any CPU
		{B71E08F9-DB07-41E0-84DC-AFAA24AF0963}.Debug|x86.ActiveCfg = Debug|Any CPU
		{B71E08F9-DB07-41E0-84DC-AFAA24AF0963}.Debug|x86.Build.0 = Debug|Any CPU
		{B71E08F9-DB07-41E0-84DC-AFAA24AF0963}.Release|Any CPU.ActiveCfg = Release|Any CPU
		{B71E08F9-DB07-41E0-84DC-AFAA24AF0963}.Release|Any CPU.Build.0 = Release|Any CPU
		{B71E08F9-DB07-41E0-84DC-AFAA24AF0963}.Release|x64.ActiveCfg = Release|Any CPU
		{B71E08F9-DB07-41E0-84DC-AFAA24AF0963}.Release|x64.Build.0 = Release|Any CPU
		{B71E08F9-DB07-41E0-84DC-AFAA24AF0963}.Release|x86.ActiveCfg = Release|Any CPU
		{B71E08F9-DB07-41E0-84DC-AFAA24AF0963}.Release|x86.Build.0 = Release|Any CPU
		{A300C63B-FFA1-4DE1-9691-FE973C98F928}.Debug|Any CPU.ActiveCfg = Debug|Any CPU
		{A300C63B-FFA1-4DE1-9691-FE973C98F928}.Debug|Any CPU.Build.0 = Debug|Any CPU
		{A300C63B-FFA1-4DE1-9691-FE973C98F928}.Debug|x64.ActiveCfg = Debug|Any CPU
		{A300C63B-FFA1-4DE1-9691-FE973C98F928}.Debug|x64.Build.0 = Debug|Any CPU
		{A300C63B-FFA1-4DE1-9691-FE973C98F928}.Debug|x86.ActiveCfg = Debug|Any CPU
		{A300C63B-FFA1-4DE1-9691-FE973C98F928}.Debug|x86.Build.0 = Debug|Any CPU
		{A300C63B-FFA1-4DE1-9691-FE973C98F928}.Release|Any CPU.ActiveCfg = Release|Any CPU
		{A300C63B-FFA1-4DE1-9691-FE973C98F928}.Release|Any CPU.Build.0 = Release|Any CPU
		{A300C63B-FFA1-4DE1-9691-FE973C98F928}.Release|x64.ActiveCfg = Release|Any CPU
		{A300C63B-FFA1-4DE1-9691-FE973C98F928}.Release|x64.Build.0 = Release|Any CPU
		{A300C63B-FFA1-4DE1-9691-FE973C98F928}.Release|x86.ActiveCfg = Release|Any CPU
		{A300C63B-FFA1-4DE1-9691-FE973C98F928}.Release|x86.Build.0 = Release|Any CPU
		{E406FB96-D033-404A-8CD6-6708D7FDF401}.Debug|Any CPU.ActiveCfg = Debug|Any CPU
		{E406FB96-D033-404A-8CD6-6708D7FDF401}.Debug|Any CPU.Build.0 = Debug|Any CPU
		{E406FB96-D033-404A-8CD6-6708D7FDF401}.Debug|x64.ActiveCfg = Debug|Any CPU
		{E406FB96-D033-404A-8CD6-6708D7FDF401}.Debug|x64.Build.0 = Debug|Any CPU
		{E406FB96-D033-404A-8CD6-6708D7FDF401}.Debug|x86.ActiveCfg = Debug|Any CPU
		{E406FB96-D033-404A-8CD6-6708D7FDF401}.Debug|x86.Build.0 = Debug|Any CPU
		{E406FB96-D033-404A-8CD6-6708D7FDF401}.Release|Any CPU.ActiveCfg = Release|Any CPU
		{E406FB96-D033-404A-8CD6-6708D7FDF401}.Release|Any CPU.Build.0 = Release|Any CPU
		{E406FB96-D033-404A-8CD6-6708D7FDF401}.Release|x64.ActiveCfg = Release|Any CPU
		{E406FB96-D033-404A-8CD6-6708D7FDF401}.Release|x64.Build.0 = Release|Any CPU
		{E406FB96-D033-404A-8CD6-6708D7FDF401}.Release|x86.ActiveCfg = Release|Any CPU
		{E406FB96-D033-404A-8CD6-6708D7FDF401}.Release|x86.Build.0 = Release|Any CPU
		{8E203A6B-519C-4B66-ABF2-19A85E182E6E}.Debug|Any CPU.ActiveCfg = Debug|Any CPU
		{8E203A6B-519C-4B66-ABF2-19A85E182E6E}.Debug|Any CPU.Build.0 = Debug|Any CPU
		{8E203A6B-519C-4B66-ABF2-19A85E182E6E}.Debug|x64.ActiveCfg = Debug|Any CPU
		{8E203A6B-519C-4B66-ABF2-19A85E182E6E}.Debug|x64.Build.0 = Debug|Any CPU
		{8E203A6B-519C-4B66-ABF2-19A85E182E6E}.Debug|x86.ActiveCfg = Debug|Any CPU
		{8E203A6B-519C-4B66-ABF2-19A85E182E6E}.Debug|x86.Build.0 = Debug|Any CPU
		{8E203A6B-519C-4B66-ABF2-19A85E182E6E}.Release|Any CPU.ActiveCfg = Release|Any CPU
		{8E203A6B-519C-4B66-ABF2-19A85E182E6E}.Release|Any CPU.Build.0 = Release|Any CPU
		{8E203A6B-519C-4B66-ABF2-19A85E182E6E}.Release|x64.ActiveCfg = Release|Any CPU
		{8E203A6B-519C-4B66-ABF2-19A85E182E6E}.Release|x64.Build.0 = Release|Any CPU
		{8E203A6B-519C-4B66-ABF2-19A85E182E6E}.Release|x86.ActiveCfg = Release|Any CPU
		{8E203A6B-519C-4B66-ABF2-19A85E182E6E}.Release|x86.Build.0 = Release|Any CPU
	EndGlobalSection
	GlobalSection(SolutionProperties) = preSolution
		HideSolutionNode = FALSE
	EndGlobalSection
	GlobalSection(NestedProjects) = preSolution
		{09EAADD6-4012-43F6-9691-6D9E3E935803} = {827E0CD3-B72D-47B6-A68D-7590B98EB39B}
		{BDBCFCDC-C9E1-4043-8D85-BE81DC02C6D1} = {827E0CD3-B72D-47B6-A68D-7590B98EB39B}
		{2BF08694-8604-45FA-AAA7-E7334CEC6F6D} = {827E0CD3-B72D-47B6-A68D-7590B98EB39B}
		{59C76B0E-6AD0-4297-807A-4030CCA0C0C9} = {827E0CD3-B72D-47B6-A68D-7590B98EB39B}
		{0AA5214F-0DB4-460E-B8AA-B34968235798} = {827E0CD3-B72D-47B6-A68D-7590B98EB39B}
		{B71E08F9-DB07-41E0-84DC-AFAA24AF0963} = {827E0CD3-B72D-47B6-A68D-7590B98EB39B}
		{A300C63B-FFA1-4DE1-9691-FE973C98F928} = {0AB3BF05-4346-4AA6-1389-037BE0695223}
		{E406FB96-D033-404A-8CD6-6708D7FDF401} = {0AB3BF05-4346-4AA6-1389-037BE0695223}
		{8E203A6B-519C-4B66-ABF2-19A85E182E6E} = {0AB3BF05-4346-4AA6-1389-037BE0695223}
	EndGlobalSection
EndGlobal
